
Microsoft Visual Studio Solution File, Format Version 12.00
# Visual Studio Version 17
VisualStudioVersion = 17.11.35303.130
MinimumVisualStudioVersion = 10.0.40219.1
Project("{2150E333-8FDC-42A3-9474-1A3956D46DE8}") = "Task0", "Task0", "{4CE59B09-32A9-4E1D-94B4-0D47B64765D5}"
EndProject
Project("{9A19103F-16F7-4668-BE54-9A1E7A4F7556}") = "Tyuiu.VaganovMA.Sprint0.Task0.V0", "Tiyuiu.VaganovMA.Sprint0.Task0.V0\Tyuiu.VaganovMA.Sprint0.Task0.V0.csproj", "{A27D024C-8006-445D-B991-FE2EAE93AC83}"
EndProject
Project("{2150E333-8FDC-42A3-9474-1A3956D46DE8}") = "Task1", "Task1", "{AF20EDA7-0192-4279-926A-ADDA04D355A2}"
EndProject
Project("{9A19103F-16F7-4668-BE54-9A1E7A4F7556}") = "Tyuiu.VaganovMA.Sprint0.Task1.V0", "Tyuiu.VaganovMA.Sprint0.Task1.V0\Tyuiu.VaganovMA.Sprint0.Task1.V0.csproj", "{AA316E49-6239-4FF0-8CAA-F8A0C27A090F}"
EndProject
Project("{2150E333-8FDC-42A3-9474-1A3956D46DE8}") = "Task2", "Task2", "{2E5F2C9F-72F0-4302-BA43-59B387B50881}"
EndProject
Project("{9A19103F-16F7-4668-BE54-9A1E7A4F7556}") = "Tyuiu.VaganovMA.Sprint0.Task2.V0", "Tyuiu.VaganovMA.Sprint0.Task2.V0\Tyuiu.VaganovMA.Sprint0.Task2.V0.csproj", "{2E5A79BE-332A-4601-955F-69C9DE5C3238}"
EndProject
Project("{9A19103F-16F7-4668-BE54-9A1E7A4F7556}") = "Tyuiu.VaganovMA.Sprint0.Task2.V0.Lib", "Tyuiu.VaganovMA.Sprint0.Task2.V0.Lib\Tyuiu.VaganovMA.Sprint0.Task2.V0.Lib.csproj", "{6E235453-E6C2-4953-8AB0-4E2F4F87C221}"
EndProject
Project("{9A19103F-16F7-4668-BE54-9A1E7A4F7556}") = "Tyuiu.VaganovMA.Sprint0.Task2.V0.Test", "Tyuiu.VaganovMA.Sprint0.Task2.V0.Test\Tyuiu.VaganovMA.Sprint0.Task2.V0.Test.csproj", "{3F77AF38-C523-429C-93E2-F8123F5E0A52}"
EndProject
Project("{2150E333-8FDC-42A3-9474-1A3956D46DE8}") = "Task3", "Task3", "{7A055263-898C-4A40-9CB7-7177DC7561E5}"
EndProject
Project("{FAE04EC0-301F-11D3-BF4B-00C04F79EFBC}") = "Tyuiu.VaganovMA.Sprint0.Task3.V0", "Tyuiu.VaganovMA.Sprint0.Task3.V0\Tyuiu.VaganovMA.Sprint0.Task3.V0.csproj", "{36E37E6A-3B64-4DFA-BFDA-B40D7C173573}"
EndProject
Project("{FAE04EC0-301F-11D3-BF4B-00C04F79EFBC}") = "Tyuiu.VaganovMA.Sprint0.Task3.V0.Lib", "Tyuiu.VaganovMA.Sprint0.Task3.V0.Lib\Tyuiu.VaganovMA.Sprint0.Task3.V0.Lib.csproj", "{16752773-986F-40ED-A6B9-A4D468F68277}"
EndProject
Project("{FAE04EC0-301F-11D3-BF4B-00C04F79EFBC}") = "Tyuiu.VaganovMA.Sprint0.Task3.V0.Test", "Tyuiu.VaganovMA.Sprint0.Task3.V0.Testt\Tyuiu.VaganovMA.Sprint0.Task3.V0.Test.csproj", "{C5D71DB9-3EED-407F-BC2C-4424C2B87642}"
EndProject
Project("{2150E333-8FDC-42A3-9474-1A3956D46DE8}") = "Task4", "Task4", "{292B5158-E6B7-4A79-B9EA-F18F8A1BE6A3}"
EndProject
Project("{FAE04EC0-301F-11D3-BF4B-00C04F79EFBC}") = "Tyuiu.VaganovMA.Sprint0.Task4.V0", "Tyuiu.VaganovMA.Sprint0.Task4.V0\Tyuiu.VaganovMA.Sprint0.Task4.V0.csproj", "{3654395B-1233-47A6-A114-7BE25D68FD06}"
EndProject
Project("{FAE04EC0-301F-11D3-BF4B-00C04F79EFBC}") = "Tyuiu.VaganovMA.Sprint0.Task4.V0.Lib", "Tyuiu.VaganovMA.Sprint0.Task4.V0.Lib\Tyuiu.VaganovMA.Sprint0.Task4.V0.Lib.csproj", "{2453B336-0F80-4124-9A57-619211985A1C}"
EndProject
Project("{FAE04EC0-301F-11D3-BF4B-00C04F79EFBC}") = "Tyuiu.VaganovMA.Sprint0.Task4.V0.Test", "Tyuiu.VaganovMA.Sprint0.Task4.V0.Test\Tyuiu.VaganovMA.Sprint0.Task4.V0.Test.csproj", "{00352707-02AF-440A-B3D3-8EB34CAA9EC4}"
EndProject
Project("{2150E333-8FDC-42A3-9474-1A3956D46DE8}") = "Task5", "Task5", "{69302BB7-72F6-4647-AB64-5632F9F11395}"
EndProject
Project("{FAE04EC0-301F-11D3-BF4B-00C04F79EFBC}") = "Tyuiu.VaganovMA.Sprint0.Task5.V0", "Tyuiu.VaganovMA.Sprint0.Task5.V0\Tyuiu.VaganovMA.Sprint0.Task5.V0.csproj", "{AEC38476-C970-4031-9E4C-3B585B299464}"
EndProject
Project("{FAE04EC0-301F-11D3-BF4B-00C04F79EFBC}") = "Tyuiu.VaganovMA.Sprint0.Task5.V0.Lib", "Tyuiu.VaganovMA.Sprint0.Task5.V0.Lib\Tyuiu.VaganovMA.Sprint0.Task5.V0.Lib.csproj", "{2CA72E31-92DF-44DC-8100-A730ED2152E9}"
EndProject
Project("{FAE04EC0-301F-11D3-BF4B-00C04F79EFBC}") = "Tyuiu.VaganovMA.Sprint0.Task5.V0.Test", "Tyuiu.VaganovMA.Sprint0.Task5.V0.Test\Tyuiu.VaganovMA.Sprint0.Task5.V0.Test.csproj", "{7D51D03B-0E18-4BAE-B2F4-E374D589DA2B}"
EndProject
Project("{2150E333-8FDC-42A3-9474-1A3956D46DE8}") = "Task6", "Task6", "{F7C5759F-8F7D-4396-B5EE-55C3AED96368}"
EndProject
Project("{FAE04EC0-301F-11D3-BF4B-00C04F79EFBC}") = "Tyuiu.VaganovMA.Sprint0.Task6.V0", "Tyuiu.VaganovMA.Sprint0.Task6.V0\Tyuiu.VaganovMA.Sprint0.Task6.V0.csproj", "{0112A352-15A6-4FE1-95B7-2FB96BC71076}"
EndProject
Project("{FAE04EC0-301F-11D3-BF4B-00C04F79EFBC}") = "Tyuiu.VaganovMA.Sprint0.Task6.V0.Lib", "Tyuiu.VaganovMA.Sprint0.Task6.V0.Lib\Tyuiu.VaganovMA.Sprint0.Task6.V0.Lib.csproj", "{A1439F86-5010-421B-9144-F3EB407888B4}"
EndProject
Project("{FAE04EC0-301F-11D3-BF4B-00C04F79EFBC}") = "Tyuiu.VaganovMA.Sprint0.Task6.V0.Test", "Tyuiu.VaganovMA.Sprint0.Task6.V0.Test\Tyuiu.VaganovMA.Sprint0.Task6.V0.Test.csproj", "{DE8CE964-FAB3-423E-9201-E36AF56DD554}"
EndProject
Global
	GlobalSection(SolutionConfigurationPlatforms) = preSolution
		Debug|Any CPU = Debug|Any CPU
		Release|Any CPU = Release|Any CPU
	EndGlobalSection
	GlobalSection(ProjectConfigurationPlatforms) = postSolution
		{A27D024C-8006-445D-B991-FE2EAE93AC83}.Debug|Any CPU.ActiveCfg = Debug|Any CPU
		{A27D024C-8006-445D-B991-FE2EAE93AC83}.Debug|Any CPU.Build.0 = Debug|Any CPU
		{A27D024C-8006-445D-B991-FE2EAE93AC83}.Release|Any CPU.ActiveCfg = Release|Any CPU
		{A27D024C-8006-445D-B991-FE2EAE93AC83}.Release|Any CPU.Build.0 = Release|Any CPU
		{AA316E49-6239-4FF0-8CAA-F8A0C27A090F}.Debug|Any CPU.ActiveCfg = Debug|Any CPU
		{AA316E49-6239-4FF0-8CAA-F8A0C27A090F}.Debug|Any CPU.Build.0 = Debug|Any CPU
		{AA316E49-6239-4FF0-8CAA-F8A0C27A090F}.Release|Any CPU.ActiveCfg = Release|Any CPU
		{AA316E49-6239-4FF0-8CAA-F8A0C27A090F}.Release|Any CPU.Build.0 = Release|Any CPU
		{2E5A79BE-332A-4601-955F-69C9DE5C3238}.Debug|Any CPU.ActiveCfg = Debug|Any CPU
		{2E5A79BE-332A-4601-955F-69C9DE5C3238}.Debug|Any CPU.Build.0 = Debug|Any CPU
		{2E5A79BE-332A-4601-955F-69C9DE5C3238}.Release|Any CPU.ActiveCfg = Release|Any CPU
		{2E5A79BE-332A-4601-955F-69C9DE5C3238}.Release|Any CPU.Build.0 = Release|Any CPU
		{6E235453-E6C2-4953-8AB0-4E2F4F87C221}.Debug|Any CPU.ActiveCfg = Debug|Any CPU
		{6E235453-E6C2-4953-8AB0-4E2F4F87C221}.Debug|Any CPU.Build.0 = Debug|Any CPU
		{6E235453-E6C2-4953-8AB0-4E2F4F87C221}.Release|Any CPU.ActiveCfg = Release|Any CPU
		{6E235453-E6C2-4953-8AB0-4E2F4F87C221}.Release|Any CPU.Build.0 = Release|Any CPU
		{3F77AF38-C523-429C-93E2-F8123F5E0A52}.Debug|Any CPU.ActiveCfg = Debug|Any CPU
		{3F77AF38-C523-429C-93E2-F8123F5E0A52}.Debug|Any CPU.Build.0 = Debug|Any CPU
		{3F77AF38-C523-429C-93E2-F8123F5E0A52}.Release|Any CPU.ActiveCfg = Release|Any CPU
		{3F77AF38-C523-429C-93E2-F8123F5E0A52}.Release|Any CPU.Build.0 = Release|Any CPU
		{36E37E6A-3B64-4DFA-BFDA-B40D7C173573}.Debug|Any CPU.ActiveCfg = Debug|Any CPU
		{36E37E6A-3B64-4DFA-BFDA-B40D7C173573}.Debug|Any CPU.Build.0 = Debug|Any CPU
		{36E37E6A-3B64-4DFA-BFDA-B40D7C173573}.Release|Any CPU.ActiveCfg = Release|Any CPU
		{36E37E6A-3B64-4DFA-BFDA-B40D7C173573}.Release|Any CPU.Build.0 = Release|Any CPU
		{16752773-986F-40ED-A6B9-A4D468F68277}.Debug|Any CPU.ActiveCfg = Debug|Any CPU
		{16752773-986F-40ED-A6B9-A4D468F68277}.Debug|Any CPU.Build.0 = Debug|Any CPU
		{16752773-986F-40ED-A6B9-A4D468F68277}.Release|Any CPU.ActiveCfg = Release|Any CPU
		{16752773-986F-40ED-A6B9-A4D468F68277}.Release|Any CPU.Build.0 = Release|Any CPU
		{C5D71DB9-3EED-407F-BC2C-4424C2B87642}.Debug|Any CPU.ActiveCfg = Debug|Any CPU
		{C5D71DB9-3EED-407F-BC2C-4424C2B87642}.Debug|Any CPU.Build.0 = Debug|Any CPU
		{C5D71DB9-3EED-407F-BC2C-4424C2B87642}.Release|Any CPU.ActiveCfg = Release|Any CPU
		{C5D71DB9-3EED-407F-BC2C-4424C2B87642}.Release|Any CPU.Build.0 = Release|Any CPU
		{3654395B-1233-47A6-A114-7BE25D68FD06}.Debug|Any CPU.ActiveCfg = Debug|Any CPU
		{3654395B-1233-47A6-A114-7BE25D68FD06}.Debug|Any CPU.Build.0 = Debug|Any CPU
		{3654395B-1233-47A6-A114-7BE25D68FD06}.Release|Any CPU.ActiveCfg = Release|Any CPU
		{3654395B-1233-47A6-A114-7BE25D68FD06}.Release|Any CPU.Build.0 = Release|Any CPU
		{2453B336-0F80-4124-9A57-619211985A1C}.Debug|Any CPU.ActiveCfg = Debug|Any CPU
		{2453B336-0F80-4124-9A57-619211985A1C}.Debug|Any CPU.Build.0 = Debug|Any CPU
		{2453B336-0F80-4124-9A57-619211985A1C}.Release|Any CPU.ActiveCfg = Release|Any CPU
		{2453B336-0F80-4124-9A57-619211985A1C}.Release|Any CPU.Build.0 = Release|Any CPU
		{00352707-02AF-440A-B3D3-8EB34CAA9EC4}.Debug|Any CPU.ActiveCfg = Debug|Any CPU
		{00352707-02AF-440A-B3D3-8EB34CAA9EC4}.Debug|Any CPU.Build.0 = Debug|Any CPU
		{00352707-02AF-440A-B3D3-8EB34CAA9EC4}.Release|Any CPU.ActiveCfg = Release|Any CPU
		{00352707-02AF-440A-B3D3-8EB34CAA9EC4}.Release|Any CPU.Build.0 = Release|Any CPU
		{AEC38476-C970-4031-9E4C-3B585B299464}.Debug|Any CPU.ActiveCfg = Debug|Any CPU
		{AEC38476-C970-4031-9E4C-3B585B299464}.Debug|Any CPU.Build.0 = Debug|Any CPU
		{AEC38476-C970-4031-9E4C-3B585B299464}.Release|Any CPU.ActiveCfg = Release|Any CPU
		{AEC38476-C970-4031-9E4C-3B585B299464}.Release|Any CPU.Build.0 = Release|Any CPU
		{2CA72E31-92DF-44DC-8100-A730ED2152E9}.Debug|Any CPU.ActiveCfg = Debug|Any CPU
		{2CA72E31-92DF-44DC-8100-A730ED2152E9}.Debug|Any CPU.Build.0 = Debug|Any CPU
		{2CA72E31-92DF-44DC-8100-A730ED2152E9}.Release|Any CPU.ActiveCfg = Release|Any CPU
		{2CA72E31-92DF-44DC-8100-A730ED2152E9}.Release|Any CPU.Build.0 = Release|Any CPU
		{7D51D03B-0E18-4BAE-B2F4-E374D589DA2B}.Debug|Any CPU.ActiveCfg = Debug|Any CPU
		{7D51D03B-0E18-4BAE-B2F4-E374D589DA2B}.Debug|Any CPU.Build.0 = Debug|Any CPU
		{7D51D03B-0E18-4BAE-B2F4-E374D589DA2B}.Release|Any CPU.ActiveCfg = Release|Any CPU
		{7D51D03B-0E18-4BAE-B2F4-E374D589DA2B}.Release|Any CPU.Build.0 = Release|Any CPU
		{0112A352-15A6-4FE1-95B7-2FB96BC71076}.Debug|Any CPU.ActiveCfg = Debug|Any CPU
		{0112A352-15A6-4FE1-95B7-2FB96BC71076}.Debug|Any CPU.Build.0 = Debug|Any CPU
		{0112A352-15A6-4FE1-95B7-2FB96BC71076}.Release|Any CPU.ActiveCfg = Release|Any CPU
		{0112A352-15A6-4FE1-95B7-2FB96BC71076}.Release|Any CPU.Build.0 = Release|Any CPU
		{A1439F86-5010-421B-9144-F3EB407888B4}.Debug|Any CPU.ActiveCfg = Debug|Any CPU
		{A1439F86-5010-421B-9144-F3EB407888B4}.Debug|Any CPU.Build.0 = Debug|Any CPU
		{A1439F86-5010-421B-9144-F3EB407888B4}.Release|Any CPU.ActiveCfg = Release|Any CPU
		{A1439F86-5010-421B-9144-F3EB407888B4}.Release|Any CPU.Build.0 = Release|Any CPU
		{DE8CE964-FAB3-423E-9201-E36AF56DD554}.Debug|Any CPU.ActiveCfg = Debug|Any CPU
		{DE8CE964-FAB3-423E-9201-E36AF56DD554}.Debug|Any CPU.Build.0 = Debug|Any CPU
		{DE8CE964-FAB3-423E-9201-E36AF56DD554}.Release|Any CPU.ActiveCfg = Release|Any CPU
		{DE8CE964-FAB3-423E-9201-E36AF56DD554}.Release|Any CPU.Build.0 = Release|Any CPU
	EndGlobalSection
	GlobalSection(SolutionProperties) = preSolution
		HideSolutionNode = FALSE
	EndGlobalSection
	GlobalSection(NestedProjects) = preSolution
		{A27D024C-8006-445D-B991-FE2EAE93AC83} = {4CE59B09-32A9-4E1D-94B4-0D47B64765D5}
		{AA316E49-6239-4FF0-8CAA-F8A0C27A090F} = {AF20EDA7-0192-4279-926A-ADDA04D355A2}
		{2E5A79BE-332A-4601-955F-69C9DE5C3238} = {2E5F2C9F-72F0-4302-BA43-59B387B50881}
		{6E235453-E6C2-4953-8AB0-4E2F4F87C221} = {2E5F2C9F-72F0-4302-BA43-59B387B50881}
		{3F77AF38-C523-429C-93E2-F8123F5E0A52} = {2E5F2C9F-72F0-4302-BA43-59B387B50881}
		{36E37E6A-3B64-4DFA-BFDA-B40D7C173573} = {7A055263-898C-4A40-9CB7-7177DC7561E5}
		{16752773-986F-40ED-A6B9-A4D468F68277} = {7A055263-898C-4A40-9CB7-7177DC7561E5}
		{C5D71DB9-3EED-407F-BC2C-4424C2B87642} = {7A055263-898C-4A40-9CB7-7177DC7561E5}
		{3654395B-1233-47A6-A114-7BE25D68FD06} = {292B5158-E6B7-4A79-B9EA-F18F8A1BE6A3}
		{2453B336-0F80-4124-9A57-619211985A1C} = {292B5158-E6B7-4A79-B9EA-F18F8A1BE6A3}
		{00352707-02AF-440A-B3D3-8EB34CAA9EC4} = {292B5158-E6B7-4A79-B9EA-F18F8A1BE6A3}
		{AEC38476-C970-4031-9E4C-3B585B299464} = {69302BB7-72F6-4647-AB64-5632F9F11395}
		{2CA72E31-92DF-44DC-8100-A730ED2152E9} = {69302BB7-72F6-4647-AB64-5632F9F11395}
		{7D51D03B-0E18-4BAE-B2F4-E374D589DA2B} = {69302BB7-72F6-4647-AB64-5632F9F11395}
		{0112A352-15A6-4FE1-95B7-2FB96BC71076} = {F7C5759F-8F7D-4396-B5EE-55C3AED96368}
		{A1439F86-5010-421B-9144-F3EB407888B4} = {F7C5759F-8F7D-4396-B5EE-55C3AED96368}
		{DE8CE964-FAB3-423E-9201-E36AF56DD554} = {F7C5759F-8F7D-4396-B5EE-55C3AED96368}
	EndGlobalSection
	GlobalSection(ExtensibilityGlobals) = postSolution
		SolutionGuid = {6E15057F-AE91-48BC-9112-39030098B784}
	EndGlobalSection
EndGlobal
